
Microsoft Visual Studio Solution File, Format Version 10.00
# Visual Studio 2008
Project("{FAE04EC0-301F-11D3-BF4B-00C04F79EFBC}") = "Warehouse", "Warehouse\Warehouse.csproj", "{C0739823-13DD-4D65-9820-DEB3352F0A2C}"
EndProject
Project("{FAE04EC0-301F-11D3-BF4B-00C04F79EFBC}") = "Common", "Common\Common.csproj", "{3275A144-2508-4BBA-8A1D-DB77C126E66F}"
EndProject
Project("{FAE04EC0-301F-11D3-BF4B-00C04F79EFBC}") = "SqlServer", "SqlServer\SqlServer.csproj", "{EEE559A0-1751-4AA7-9B40-B16E8BFB5687}"
EndProject
Global
	GlobalSection(SolutionConfigurationPlatforms) = preSolution
		Debug|Any CPU = Debug|Any CPU
		Release|Any CPU = Release|Any CPU
	EndGlobalSection
	GlobalSection(ProjectConfigurationPlatforms) = postSolution
		{C0739823-13DD-4D65-9820-DEB3352F0A2C}.Debug|Any CPU.ActiveCfg = Debug|Any CPU
		{C0739823-13DD-4D65-9820-DEB3352F0A2C}.Debug|Any CPU.Build.0 = Debug|Any CPU
		{C0739823-13DD-4D65-9820-DEB3352F0A2C}.Release|Any CPU.ActiveCfg = Release|Any CPU
		{C0739823-13DD-4D65-9820-DEB3352F0A2C}.Release|Any CPU.Build.0 = Release|Any CPU
		{3275A144-2508-4BBA-8A1D-DB77C126E66F}.Debug|Any CPU.ActiveCfg = Debug|Any CPU
		{3275A144-2508-4BBA-8A1D-DB77C126E66F}.Debug|Any CPU.Build.0 = Debug|Any CPU
		{3275A144-2508-4BBA-8A1D-DB77C126E66F}.Release|Any CPU.ActiveCfg = Release|Any CPU
		{3275A144-2508-4BBA-8A1D-DB77C126E66F}.Release|Any CPU.Build.0 = Release|Any CPU
		{EEE559A0-1751-4AA7-9B40-B16E8BFB5687}.Debug|Any CPU.ActiveCfg = Debug|Any CPU
		{EEE559A0-1751-4AA7-9B40-B16E8BFB5687}.Debug|Any CPU.Build.0 = Debug|Any CPU
		{EEE559A0-1751-4AA7-9B40-B16E8BFB5687}.Release|Any CPU.ActiveCfg = Release|Any CPU
		{EEE559A0-1751-4AA7-9B40-B16E8BFB5687}.Release|Any CPU.Build.0 = Release|Any CPU
	EndGlobalSection
	GlobalSection(SolutionProperties) = preSolution
		HideSolutionNode = FALSE
	EndGlobalSection
EndGlobal
